Microsoft Visual Studio Solution File, Format Version 12.00
# Visual Studio Version 17
VisualStudioVersion = 17.5.2.0
MinimumVisualStudioVersion = 10.0.40219.1
Project("{FAE04EC0-301F-11D3-BF4B-00C04F79EFBC}") = "HireMe.API", "HireMe.API\HireMe.API.csproj", "{7F6199E5-4A86-770E-8B95-99B2A0E2A10C}"
EndProject
Global
	GlobalSection(SolutionConfigurationPlatforms) = preSolution
		Debug|Any CPU = Debug|Any CPU
		Release|Any CPU = Release|Any CPU
	EndGlobalSection
	GlobalSection(ProjectConfigurationPlatforms) = postSolution
		{7F6199E5-4A86-770E-8B95-99B2A0E2A10C}.Debug|Any CPU.ActiveCfg = Debug|Any CPU
		{7F6199E5-4A86-770E-8B95-99B2A0E2A10C}.Debug|Any CPU.Build.0 = Debug|Any CPU
		{7F6199E5-4A86-770E-8B95-99B2A0E2A10C}.Release|Any CPU.ActiveCfg = Release|Any CPU
		{7F6199E5-4A86-770E-8B95-99B2A0E2A10C}.Release|Any CPU.Build.0 = Release|Any CPU
	EndGlobalSection
	GlobalSection(SolutionProperties) = preSolution
		HideSolutionNode = FALSE
	EndGlobalSection
	GlobalSection(ExtensibilityGlobals) = postSolution
		SolutionGuid = {AAFBF443-555A-4271-AE4D-F75C7E9CAB22}
	EndGlobalSection
EndGlobal
